// !$*UTF8*$!
{
	archiveVersion = 1;
	classes = {
	};
	objectVersion = 46;
	objects = {

/* Begin PBXBuildFile section */
		27E7AE251D14648C00E9B39B /* AppDelegate.swift in Sources */ = {isa = PBXBuildFile; fileRef = 27E7AE241D14648C00E9B39B /* AppDelegate.swift */; };
		27E7AE271D14648C00E9B39B /* ViewController.swift in Sources */ = {isa = PBXBuildFile; fileRef = 27E7AE261D14648C00E9B39B /* ViewController.swift */; };
		27E7AE2A1D14648C00E9B39B /* Main.storyboard in Resources */ = {isa = PBXBuildFile; fileRef = 27E7AE281D14648C00E9B39B /* Main.storyboard */; };
		27E7AE2C1D14648C00E9B39B /* Assets.xcassets in Resources */ = {isa = PBXBuildFile; fileRef = 27E7AE2B1D14648C00E9B39B /* Assets.xcassets */; };
		27E7AE2F1D14648C00E9B39B /* LaunchScreen.storyboard in Resources */ = {isa = PBXBuildFile; fileRef = 27E7AE2D1D14648C00E9B39B /* LaunchScreen.storyboard */; };
		27E7AE371D14667900E9B39B /* MoviesViewController.swift in Sources */ = {isa = PBXBuildFile; fileRef = 27E7AE361D14667900E9B39B /* MoviesViewController.swift */; };
		27E7AE391D1466A100E9B39B /* DetailViewController.swift in Sources */ = {isa = PBXBuildFile; fileRef = 27E7AE381D1466A100E9B39B /* DetailViewController.swift */; };
		27E7AE3B1D146B0200E9B39B /* LanguageController.swift in Sources */ = {isa = PBXBuildFile; fileRef = 27E7AE3A1D146B0200E9B39B /* LanguageController.swift */; };
		27E7AE3D1D146B1A00E9B39B /* Language.swift in Sources */ = {isa = PBXBuildFile; fileRef = 27E7AE3C1D146B1A00E9B39B /* Language.swift */; };
		27EBF36D1D14C62D00A584FD /* Movie.swift in Sources */ = {isa = PBXBuildFile; fileRef = 27EBF36C1D14C62D00A584FD /* Movie.swift */; };
		27EBF3731D15DC2700A584FD /* TabBarViewController.swift in Sources */ = {isa = PBXBuildFile; fileRef = 27EBF3721D15DC2700A584FD /* TabBarViewController.swift */; };
		27EBF3751D15DCD900A584FD /* DetailViewControllerTwo.swift in Sources */ = {isa = PBXBuildFile; fileRef = 27EBF3741D15DCD900A584FD /* DetailViewControllerTwo.swift */; };
		27ED9A641D149AAF008D39E9 /* Languages.json in Resources */ = {isa = PBXBuildFile; fileRef = 27ED9A631D149AAF008D39E9 /* Languages.json */; };
		27ED9A661D149EA3008D39E9 /* LocationFunctions.swift in Sources */ = {isa = PBXBuildFile; fileRef = 27ED9A651D149EA3008D39E9 /* LocationFunctions.swift */; };
		27ED9A681D149F2E008D39E9 /* LanguageTableViewCell.swift in Sources */ = {isa = PBXBuildFile; fileRef = 27ED9A671D149F2E008D39E9 /* LanguageTableViewCell.swift */; };
		27ED9A6A1D149F45008D39E9 /* MovieTableViewCell.swift in Sources */ = {isa = PBXBuildFile; fileRef = 27ED9A691D149F45008D39E9 /* MovieTableViewCell.swift */; };
/* End PBXBuildFile section */

/* Begin PBXFileReference section */
		27E7AE211D14648B00E9B39B /* DreamRaju.app */ = {isa = PBXFileReference; explicitFileType = wrapper.application; includeInIndex = 0; path = DreamRaju.app; sourceTree = BUILT_PRODUCTS_DIR; };
		27E7AE241D14648C00E9B39B /* AppDelegate.swift */ = {isa = PBXFileReference; lastKnownFileType = sourcecode.swift; path = AppDelegate.swift; sourceTree = "<group>"; };
		27E7AE261D14648C00E9B39B /* ViewController.swift */ = {isa = PBXFileReference; lastKnownFileType = sourcecode.swift; path = ViewController.swift; sourceTree = "<group>"; };
		27E7AE291D14648C00E9B39B /* Base */ = {isa = PBXFileReference; lastKnownFileType = file.storyboard; name = Base; path = Base.lproj/Main.storyboard; sourceTree = "<group>"; };
		27E7AE2B1D14648C00E9B39B /* Assets.xcassets */ = {isa = PBXFileReference; lastKnownFileType = folder.assetcatalog; path = Assets.xcassets; sourceTree = "<group>"; };
		27E7AE2E1D14648C00E9B39B /* Base */ = {isa = PBXFileReference; lastKnownFileType = file.storyboard; name = Base; path = Base.lproj/LaunchScreen.storyboard; sourceTree = "<group>"; };
		27E7AE301D14648C00E9B39B /* Info.plist */ = {isa = PBXFileReference; lastKnownFileType = text.plist.xml; path = Info.plist; sourceTree = "<group>"; };
		27E7AE361D14667900E9B39B /* MoviesViewController.swift */ = {isa = PBXFileReference; fileEncoding = 4; lastKnownFileType = sourcecode.swift; path = MoviesViewController.swift; sourceTree = "<group>"; };
		27E7AE381D1466A100E9B39B /* DetailViewController.swift */ = {isa = PBXFileReference; fileEncoding = 4; lastKnownFileType = sourcecode.swift; path = DetailViewController.swift; sourceTree = "<group>"; };
		27E7AE3A1D146B0200E9B39B /* LanguageController.swift */ = {isa = PBXFileReference; fileEncoding = 4; lastKnownFileType = sourcecode.swift; path = LanguageController.swift; sourceTree = "<group>"; };
		27E7AE3C1D146B1A00E9B39B /* Language.swift */ = {isa = PBXFileReference; fileEncoding = 4; lastKnownFileType = sourcecode.swift; path = Language.swift; sourceTree = "<group>"; };
		27EBF36C1D14C62D00A584FD /* Movie.swift */ = {isa = PBXFileReference; fileEncoding = 4; lastKnownFileType = sourcecode.swift; path = Movie.swift; sourceTree = "<group>"; };
		27EBF3721D15DC2700A584FD /* TabBarViewController.swift */ = {isa = PBXFileReference; fileEncoding = 4; lastKnownFileType = sourcecode.swift; path = TabBarViewController.swift; sourceTree = "<group>"; };
		27EBF3741D15DCD900A584FD /* DetailViewControllerTwo.swift */ = {isa = PBXFileReference; fileEncoding = 4; lastKnownFileType = sourcecode.swift; path = DetailViewControllerTwo.swift; sourceTree = "<group>"; };
		27ED9A631D149AAF008D39E9 /* Languages.json */ = {isa = PBXFileReference; fileEncoding = 4; lastKnownFileType = text.json; path = Languages.json; sourceTree = "<group>"; };
		27ED9A651D149EA3008D39E9 /* LocationFunctions.swift */ = {isa = PBXFileReference; fileEncoding = 4; lastKnownFileType = sourcecode.swift; path = LocationFunctions.swift; sourceTree = "<group>"; };
		27ED9A671D149F2E008D39E9 /* LanguageTableViewCell.swift */ = {isa = PBXFileReference; fileEncoding = 4; lastKnownFileType = sourcecode.swift; path = LanguageTableViewCell.swift; sourceTree = "<group>"; };
		27ED9A691D149F45008D39E9 /* MovieTableViewCell.swift */ = {isa = PBXFileReference; fileEncoding = 4; lastKnownFileType = sourcecode.swift; path = MovieTableViewCell.swift; sourceTree = "<group>"; };
/* End PBXFileReference section */

/* Begin PBXFrameworksBuildPhase section */
		27E7AE1E1D14648B00E9B39B /* Frameworks */ = {
			isa = PBXFrameworksBuildPhase;
			buildActionMask = 2147483647;
			files = (
			);
			runOnlyForDeploymentPostprocessing = 0;
		};
/* End PBXFrameworksBuildPhase section */

/* Begin PBXGroup section */
		27E7AE181D14648B00E9B39B = {
			isa = PBXGroup;
			children = (
				27E7AE231D14648C00E9B39B /* DreamRaju */,
				27E7AE221D14648B00E9B39B /* Products */,
			);
			sourceTree = "<group>";
		};
		27E7AE221D14648B00E9B39B /* Products */ = {
			isa = PBXGroup;
			children = (
				27E7AE211D14648B00E9B39B /* DreamRaju.app */,
			);
			name = Products;
			sourceTree = "<group>";
		};
		27E7AE231D14648C00E9B39B /* DreamRaju */ = {
			isa = PBXGroup;
			children = (
				27E7AE241D14648C00E9B39B /* AppDelegate.swift */,
				27EBF3711D14D15600A584FD /* View Controllers */,
				27EBF3701D14D14600A584FD /* Controllers */,
				27EBF36F1D14D13100A584FD /* Models */,
				27EBF36E1D14D11900A584FD /* Cells */,
				27E7AE281D14648C00E9B39B /* Main.storyboard */,
				27E7AE2B1D14648C00E9B39B /* Assets.xcassets */,
				27ED9A631D149AAF008D39E9 /* Languages.json */,
				27E7AE2D1D14648C00E9B39B /* LaunchScreen.storyboard */,
				27E7AE301D14648C00E9B39B /* Info.plist */,
			);
			path = DreamRaju;
			sourceTree = "<group>";
		};
		27EBF36E1D14D11900A584FD /* Cells */ = {
			isa = PBXGroup;
			children = (
				27ED9A671D149F2E008D39E9 /* LanguageTableViewCell.swift */,
				27ED9A691D149F45008D39E9 /* MovieTableViewCell.swift */,
			);
			name = Cells;
			sourceTree = "<group>";
		};
		27EBF36F1D14D13100A584FD /* Models */ = {
			isa = PBXGroup;
			children = (
				27E7AE3C1D146B1A00E9B39B /* Language.swift */,
				27EBF36C1D14C62D00A584FD /* Movie.swift */,
			);
			name = Models;
			sourceTree = "<group>";
		};
		27EBF3701D14D14600A584FD /* Controllers */ = {
			isa = PBXGroup;
			children = (
				27E7AE3A1D146B0200E9B39B /* LanguageController.swift */,
				27ED9A651D149EA3008D39E9 /* LocationFunctions.swift */,
			);
			name = Controllers;
			sourceTree = "<group>";
		};
		27EBF3711D14D15600A584FD /* View Controllers */ = {
			isa = PBXGroup;
			children = (
				27E7AE261D14648C00E9B39B /* ViewController.swift */,
				27E7AE361D14667900E9B39B /* MoviesViewController.swift */,
				27EBF3721D15DC2700A584FD /* TabBarViewController.swift */,
				27E7AE381D1466A100E9B39B /* DetailViewController.swift */,
				27EBF3741D15DCD900A584FD /* DetailViewControllerTwo.swift */,
			);
			name = "View Controllers";
			sourceTree = "<group>";
		};
/* End PBXGroup section */

/* Begin PBXNativeTarget section */
		27E7AE201D14648B00E9B39B /* DreamRaju */ = {
			isa = PBXNativeTarget;
			buildConfigurationList = 27E7AE331D14648C00E9B39B /* Build configuration list for PBXNativeTarget "DreamRaju" */;
			buildPhases = (
				27E7AE1D1D14648B00E9B39B /* Sources */,
				27E7AE1E1D14648B00E9B39B /* Frameworks */,
				27E7AE1F1D14648B00E9B39B /* Resources */,
			);
			buildRules = (
			);
			dependencies = (
			);
			name = DreamRaju;
			productName = DreamRaju;
			productReference = 27E7AE211D14648B00E9B39B /* DreamRaju.app */;
			productType = "com.apple.product-type.application";
		};
/* End PBXNativeTarget section */

/* Begin PBXProject section */
		27E7AE191D14648B00E9B39B /* Project object */ = {
			isa = PBXProject;
			attributes = {
				LastSwiftUpdateCheck = 0730;
				LastUpgradeCheck = 0730;
				ORGANIZATIONNAME = "Ethan Hess";
				TargetAttributes = {
					27E7AE201D14648B00E9B39B = {
						CreatedOnToolsVersion = 7.3;
					};
				};
			};
			buildConfigurationList = 27E7AE1C1D14648B00E9B39B /* Build configuration list for PBXProject "DreamRaju" */;
			compatibilityVersion = "Xcode 3.2";
			developmentRegion = English;
			hasScannedForEncodings = 0;
			knownRegions = (
				en,
				Base,
			);
			mainGroup = 27E7AE181D14648B00E9B39B;
			productRefGroup = 27E7AE221D14648B00E9B39B /* Products */;
			projectDirPath = "";
			projectRoot = "";
			targets = (
				27E7AE201D14648B00E9B39B /* DreamRaju */,
			);
		};
/* End PBXProject section */

/* Begin PBXResourcesBuildPhase section */
		27E7AE1F1D14648B00E9B39B /* Resources */ = {
			isa = PBXResourcesBuildPhase;
			buildActionMask = 2147483647;
			files = (
				27E7AE2F1D14648C00E9B39B /* LaunchScreen.storyboard in Resources */,
				27ED9A641D149AAF008D39E9 /* Languages.json in Resources */,
				27E7AE2C1D14648C00E9B39B /* Assets.xcassets in Resources */,
				27E7AE2A1D14648C00E9B39B /* Main.storyboard in Resources */,
			);
			runOnlyForDeploymentPostprocessing = 0;
		};
/* End PBXResourcesBuildPhase section */

/* Begin PBXSourcesBuildPhase section */
		27E7AE1D1D14648B00E9B39B /* Sources */ = {
			isa = PBXSourcesBuildPhase;
			buildActionMask = 2147483647;
			files = (
				27E7AE271D14648C00E9B39B /* ViewController.swift in Sources */,
				27E7AE251D14648C00E9B39B /* AppDelegate.swift in Sources */,
				27EBF3731D15DC2700A584FD /* TabBarViewController.swift in Sources */,
				27ED9A6A1D149F45008D39E9 /* MovieTableViewCell.swift in Sources */,
				27E7AE3B1D146B0200E9B39B /* LanguageController.swift in Sources */,
				27EBF36D1D14C62D00A584FD /* Movie.swift in Sources */,
				27E7AE3D1D146B1A00E9B39B /* Language.swift in Sources */,
				27E7AE371D14667900E9B39B /* MoviesViewController.swift in Sources */,
				27EBF3751D15DCD900A584FD /* DetailViewControllerTwo.swift in Sources */,
				27ED9A681D149F2E008D39E9 /* LanguageTableViewCell.swift in Sources */,
				27E7AE391D1466A100E9B39B /* DetailViewController.swift in Sources */,
				27ED9A661D149EA3008D39E9 /* LocationFunctions.swift in Sources */,
			);
			runOnlyForDeploymentPostprocessing = 0;
		};
/* End PBXSourcesBuildPhase section */

/* Begin PBXVariantGroup section */
		27E7AE281D14648C00E9B39B /* Main.storyboard */ = {
			isa = PBXVariantGroup;
			children = (
				27E7AE291D14648C00E9B39B /* Base */,
			);
			name = Main.storyboard;
			sourceTree = "<group>";
		};
		27E7AE2D1D14648C00E9B39B /* LaunchScreen.storyboard */ = {
			isa = PBXVariantGroup;
			children = (
				27E7AE2E1D14648C00E9B39B /* Base */,
			);
			name = LaunchScreen.storyboard;
			sourceTree = "<group>";
		};
/* End PBXVariantGroup section */

/* Begin XCBuildConfiguration section */
		27E7AE311D14648C00E9B39B /* Debug */ = {
			isa = XCBuildConfiguration;
			buildSettings = {
				ALWAYS_SEARCH_USER_PATHS = NO;
				CLANG_ANALYZER_NONNULL = YES;
				CLANG_CXX_LANGUAGE_STANDARD = "gnu++0x";
				CLANG_CXX_LIBRARY = "libc++";
				CLANG_ENABLE_MODULES = YES;
				CLANG_ENABLE_OBJC_ARC = YES;
				CLANG_WARN_BOOL_CONVERSION = YES;
				CLANG_WARN_CONSTANT_CONVERSION = YES;
				CLANG_WARN_DIRECT_OBJC_ISA_USAGE = YES_ERROR;
				CLANG_WARN_EMPTY_BODY = YES;
				CLANG_WARN_ENUM_CONVERSION = YES;
				CLANG_WARN_INT_CONVERSION = YES;
				CLANG_WARN_OBJC_ROOT_CLASS = YES_ERROR;
				CLANG_WARN_UNREACHABLE_CODE = YES;
				CLANG_WARN__DUPLICATE_METHOD_MATCH = YES;
				"CODE_SIGN_IDENTITY[sdk=iphoneos*]" = "iPhone Developer";
				COPY_PHASE_STRIP = NO;
				DEBUG_INFORMATION_FORMAT = dwarf;
				ENABLE_STRICT_OBJC_MSGSEND = YES;
				ENABLE_TESTABILITY = YES;
				GCC_C_LANGUAGE_STANDARD = gnu99;
				GCC_DYNAMIC_NO_PIC = NO;
				GCC_NO_COMMON_BLOCKS = YES;
				GCC_OPTIMIZATION_LEVEL = 0;
				GCC_PREPROCESSOR_DEFINITIONS = (
					"DEBUG=1",
					"$(inherited)",
				);
				GCC_WARN_64_TO_32_BIT_CONVERSION = YES;
				GCC_WARN_ABOUT_RETURN_TYPE = YES_ERROR;
				GCC_WARN_UNDECLARED_SELECTOR = YES;
				GCC_WARN_UNINITIALIZED_AUTOS = YES_AGGRESSIVE;
				GCC_WARN_UNUSED_FUNCTION = YES;
				GCC_WARN_UNUSED_VARIABLE = YES;
				IPHONEOS_DEPLOYMENT_TARGET = 9.3;
				MTL_ENABLE_DEBUG_INFO = YES;
				ONLY_ACTIVE_ARCH = YES;
				SDKROOT = iphoneos;
				SWIFT_OPTIMIZATION_LEVEL = "-Onone";
			};
			name = Debug;
		};
		27E7AE321D14648C00E9B39B /* Release */ = {
			isa = XCBuildConfiguration;
			buildSettings = {
				ALWAYS_SEARCH_USER_PATHS = NO;
				CLANG_ANALYZER_NONNULL = YES;
				CLANG_CXX_LANGUAGE_STANDARD = "gnu++0x";
				CLANG_CXX_LIBRARY = "libc++";
				CLANG_ENABLE_MODULES = YES;
				CLANG_ENABLE_OBJC_ARC = YES;
				CLANG_WARN_BOOL_CONVERSION = YES;
				CLANG_WARN_CONSTANT_CONVERSION = YES;
				CLANG_WARN_DIRECT_OBJC_ISA_USAGE = YES_ERROR;
				CLANG_WARN_EMPTY_BODY = YES;
				CLANG_WARN_ENUM_CONVERSION = YES;
				CLANG_WARN_INT_CONVERSION = YES;
				CLANG_WARN_OBJC_ROOT_CLASS = YES_ERROR;
				CLANG_WARN_UNREACHABLE_CODE = YES;
				CLANG_WARN__DUPLICATE_METHOD_MATCH = YES;
				"CODE_SIGN_IDENTITY[sdk=iphoneos*]" = "iPhone Developer";
				COPY_PHASE_STRIP = NO;
				DEBUG_INFORMATION_FORMAT = "dwarf-with-dsym";
				ENABLE_NS_ASSERTIONS = NO;
				ENABLE_STRICT_OBJC_MSGSEND = YES;
				GCC_C_LANGUAGE_STANDARD = gnu99;
				GCC_NO_COMMON_BLOCKS = YES;
				GCC_WARN_64_TO_32_BIT_CONVERSION = YES;
				GCC_WARN_ABOUT_RETURN_TYPE = YES_ERROR;
				GCC_WARN_UNDECLARED_SELECTOR = YES;
				GCC_WARN_UNINITIALIZED_AUTOS = YES_AGGRESSIVE;
				GCC_WARN_UNUSED_FUNCTION = YES;
				GCC_WARN_UNUSED_VARIABLE = YES;
				IPHONEOS_DEPLOYMENT_TARGET = 9.3;
				MTL_ENABLE_DEBUG_INFO = NO;
				SDKROOT = iphoneos;
				VALIDATE_PRODUCT = YES;
			};
			name = Release;
		};
		27E7AE341D14648C00E9B39B /* Debug */ = {
			isa = XCBuildConfiguration;
			buildSettings = {
				ASSETCATALOG_COMPILER_APPICON_NAME = AppIcon;
				INFOPLIST_FILE = DreamRaju/Info.plist;
				LD_RUNPATH_SEARCH_PATHS = "$(inherited) @executable_path/Frameworks";
				PRODUCT_BUNDLE_IDENTIFIER = com.devmountain.DreamRaju;
				PRODUCT_NAME = "$(TARGET_NAME)";
			};
			name = Debug;
		};
		27E7AE351D14648C00E9B39B /* Release */ = {
			isa = XCBuildConfiguration;
			buildSettings = {
				ASSETCATALOG_COMPILER_APPICON_NAME = AppIcon;
				INFOPLIST_FILE = DreamRaju/Info.plist;
				LD_RUNPATH_SEARCH_PATHS = "$(inherited) @executable_path/Frameworks";
				PRODUCT_BUNDLE_IDENTIFIER = com.devmountain.DreamRaju;
				PRODUCT_NAME = "$(TARGET_NAME)";
			};
			name = Release;
		};
/* End XCBuildConfiguration section */

/* Begin XCConfigurationList section */
		27E7AE1C1D14648B00E9B39B /* Build configuration list for PBXProject "DreamRaju" */ = {
			isa = XCConfigurationList;
			buildConfigurations = (
				27E7AE311D14648C00E9B39B /* Debug */,
				27E7AE321D14648C00E9B39B /* Release */,
			);
			defaultConfigurationIsVisible = 0;
			defaultConfigurationName = Release;
		};
		27E7AE331D14648C00E9B39B /* Build configuration list for PBXNativeTarget "DreamRaju" */ = {
			isa = XCConfigurationList;
			buildConfigurations = (
				27E7AE341D14648C00E9B39B /* Debug */,
				27E7AE351D14648C00E9B39B /* Release */,
			);
			defaultConfigurationIsVisible = 0;
			defaultConfigurationName = Release;
		};
/* End XCConfigurationList section */
	};
	rootObject = 27E7AE191D14648B00E9B39B /* Project object */;
}
